
Microsoft Visual Studio Solution File, Format Version 12.00
# Visual Studio 15
VisualStudioVersion = 15.0.28307.136
MinimumVisualStudioVersion = 10.0.40219.1
Project("{9A19103F-16F7-4668-BE54-9A1E7A4F7556}") = "AccesoDatos", "AccesoDatos\AccesoDatos.csproj", "{FEE5B9F8-308B-448F-9A67-D543F117FBFF}"
EndProject
Project("{9A19103F-16F7-4668-BE54-9A1E7A4F7556}") = "Negocio", "Negocio\Negocio.csproj", "{720AB85F-2CE5-4BFD-9F05-D34B07659B10}"
EndProject
Project("{9A19103F-16F7-4668-BE54-9A1E7A4F7556}") = "Seguros.API", "Seguros.API\Seguros.API.csproj", "{AE5B20C4-F9D5-4860-82D7-6072F95E243F}"
EndProject
Project("{FAE04EC0-301F-11D3-BF4B-00C04F79EFBC}") = "PruebasUnit", "PruebasUnit\PruebasUnit.csproj", "{A5C75416-5A6C-437C-981C-650CBA9C023A}"
EndProject
Global
	GlobalSection(SolutionConfigurationPlatforms) = preSolution
		Debug|Any CPU = Debug|Any CPU
		Release|Any CPU = Release|Any CPU
	EndGlobalSection
	GlobalSection(ProjectConfigurationPlatforms) = postSolution
		{FEE5B9F8-308B-448F-9A67-D543F117FBFF}.Debug|Any CPU.ActiveCfg = Debug|Any CPU
		{FEE5B9F8-308B-448F-9A67-D543F117FBFF}.Debug|Any CPU.Build.0 = Debug|Any CPU
		{FEE5B9F8-308B-448F-9A67-D543F117FBFF}.Release|Any CPU.ActiveCfg = Release|Any CPU
		{FEE5B9F8-308B-448F-9A67-D543F117FBFF}.Release|Any CPU.Build.0 = Release|Any CPU
		{720AB85F-2CE5-4BFD-9F05-D34B07659B10}.Debug|Any CPU.ActiveCfg = Debug|Any CPU
		{720AB85F-2CE5-4BFD-9F05-D34B07659B10}.Debug|Any CPU.Build.0 = Debug|Any CPU
		{720AB85F-2CE5-4BFD-9F05-D34B07659B10}.Release|Any CPU.ActiveCfg = Release|Any CPU
		{720AB85F-2CE5-4BFD-9F05-D34B07659B10}.Release|Any CPU.Build.0 = Release|Any CPU
		{AE5B20C4-F9D5-4860-82D7-6072F95E243F}.Debug|Any CPU.ActiveCfg = Debug|Any CPU
		{AE5B20C4-F9D5-4860-82D7-6072F95E243F}.Debug|Any CPU.Build.0 = Debug|Any CPU
		{AE5B20C4-F9D5-4860-82D7-6072F95E243F}.Release|Any CPU.ActiveCfg = Release|Any CPU
		{AE5B20C4-F9D5-4860-82D7-6072F95E243F}.Release|Any CPU.Build.0 = Release|Any CPU
		{A5C75416-5A6C-437C-981C-650CBA9C023A}.Debug|Any CPU.ActiveCfg = Debug|Any CPU
		{A5C75416-5A6C-437C-981C-650CBA9C023A}.Debug|Any CPU.Build.0 = Debug|Any CPU
		{A5C75416-5A6C-437C-981C-650CBA9C023A}.Release|Any CPU.ActiveCfg = Release|Any CPU
		{A5C75416-5A6C-437C-981C-650CBA9C023A}.Release|Any CPU.Build.0 = Release|Any CPU
	EndGlobalSection
	GlobalSection(SolutionProperties) = preSolution
		HideSolutionNode = FALSE
	EndGlobalSection
	GlobalSection(ExtensibilityGlobals) = postSolution
		SolutionGuid = {772BD687-C53F-4BE8-9012-F0631D32C61D}
	EndGlobalSection
EndGlobal
